// !$*UTF8*$!
{
	archiveVersion = 1;
	classes = {
	};
	objectVersion = 46;
	objects = {

/* Begin PBXBuildFile section */
		E25890A31D422BE000F4738B /* AppDelegate.swift in Sources */ = {isa = PBXBuildFile; fileRef = E25890A21D422BDF00F4738B /* AppDelegate.swift */; };
		E25890A51D422BE000F4738B /* ViewController.swift in Sources */ = {isa = PBXBuildFile; fileRef = E25890A41D422BE000F4738B /* ViewController.swift */; };
		E25890A81D422BE000F4738B /* Main.storyboard in Resources */ = {isa = PBXBuildFile; fileRef = E25890A61D422BE000F4738B /* Main.storyboard */; };
		E25890AA1D422BE000F4738B /* Assets.xcassets in Resources */ = {isa = PBXBuildFile; fileRef = E25890A91D422BE000F4738B /* Assets.xcassets */; };
		E25890AD1D422BE000F4738B /* LaunchScreen.storyboard in Resources */ = {isa = PBXBuildFile; fileRef = E25890AB1D422BE000F4738B /* LaunchScreen.storyboard */; };
		E25890CF1D42333700F4738B /* Icon.swift in Sources */ = {isa = PBXBuildFile; fileRef = E25890B51D42333700F4738B /* Icon.swift */; };
		E25890D01D42333700F4738B /* icons_winter_01.png in Resources */ = {isa = PBXBuildFile; fileRef = E25890B61D42333700F4738B /* icons_winter_01.png */; };
		E25890D11D42333700F4738B /* icons_winter_02.png in Resources */ = {isa = PBXBuildFile; fileRef = E25890B71D42333700F4738B /* icons_winter_02.png */; };
		E25890D21D42333700F4738B /* icons_winter_03.png in Resources */ = {isa = PBXBuildFile; fileRef = E25890B81D42333700F4738B /* icons_winter_03.png */; };
		E25890D31D42333700F4738B /* icons_winter_04.png in Resources */ = {isa = PBXBuildFile; fileRef = E25890B91D42333700F4738B /* icons_winter_04.png */; };
		E25890D41D42333700F4738B /* icons_winter_05.png in Resources */ = {isa = PBXBuildFile; fileRef = E25890BA1D42333700F4738B /* icons_winter_05.png */; };
		E25890D51D42333700F4738B /* icons_winter_06.png in Resources */ = {isa = PBXBuildFile; fileRef = E25890BB1D42333700F4738B /* icons_winter_06.png */; };
		E25890D61D42333700F4738B /* icons_winter_07.png in Resources */ = {isa = PBXBuildFile; fileRef = E25890BC1D42333700F4738B /* icons_winter_07.png */; };
		E25890D71D42333700F4738B /* icons_winter_08.png in Resources */ = {isa = PBXBuildFile; fileRef = E25890BD1D42333700F4738B /* icons_winter_08.png */; };
		E25890D81D42333700F4738B /* icons_winter_09.png in Resources */ = {isa = PBXBuildFile; fileRef = E25890BE1D42333700F4738B /* icons_winter_09.png */; };
		E25890D91D42333700F4738B /* icons_winter_10.png in Resources */ = {isa = PBXBuildFile; fileRef = E25890BF1D42333700F4738B /* icons_winter_10.png */; };
		E25890DA1D42333700F4738B /* IconSet.swift in Sources */ = {isa = PBXBuildFile; fileRef = E25890C01D42333700F4738B /* IconSet.swift */; };
		E25890DB1D42333700F4738B /* summericons_100px_01.png in Resources */ = {isa = PBXBuildFile; fileRef = E25890C11D42333700F4738B /* summericons_100px_01.png */; };
		E25890DC1D42333700F4738B /* summericons_100px_02.png in Resources */ = {isa = PBXBuildFile; fileRef = E25890C21D42333700F4738B /* summericons_100px_02.png */; };
		E25890DD1D42333700F4738B /* summericons_100px_03.png in Resources */ = {isa = PBXBuildFile; fileRef = E25890C31D42333700F4738B /* summericons_100px_03.png */; };
		E25890DE1D42333700F4738B /* summericons_100px_04.png in Resources */ = {isa = PBXBuildFile; fileRef = E25890C41D42333700F4738B /* summericons_100px_04.png */; };
		E25890DF1D42333700F4738B /* summericons_100px_05.png in Resources */ = {isa = PBXBuildFile; fileRef = E25890C51D42333700F4738B /* summericons_100px_05.png */; };
		E25890E01D42333700F4738B /* summericons_100px_06.png in Resources */ = {isa = PBXBuildFile; fileRef = E25890C61D42333700F4738B /* summericons_100px_06.png */; };
		E25890E11D42333700F4738B /* summericons_100px_07.png in Resources */ = {isa = PBXBuildFile; fileRef = E25890C71D42333700F4738B /* summericons_100px_07.png */; };
		E25890E21D42333700F4738B /* summericons_100px_08.png in Resources */ = {isa = PBXBuildFile; fileRef = E25890C81D42333700F4738B /* summericons_100px_08.png */; };
		E25890E31D42333700F4738B /* summericons_100px_09.png in Resources */ = {isa = PBXBuildFile; fileRef = E25890C91D42333700F4738B /* summericons_100px_09.png */; };
		E25890E41D42333700F4738B /* summericons_100px_10.png in Resources */ = {isa = PBXBuildFile; fileRef = E25890CA1D42333700F4738B /* summericons_100px_10.png */; };
		E25890E51D42333700F4738B /* eyeball.png in Resources */ = {isa = PBXBuildFile; fileRef = E25890CC1D42333700F4738B /* eyeball.png */; };
		E25890E61D42333700F4738B /* star_sel.png in Resources */ = {isa = PBXBuildFile; fileRef = E25890CD1D42333700F4738B /* star_sel.png */; };
		E25890E71D42333700F4738B /* star_uns.png in Resources */ = {isa = PBXBuildFile; fileRef = E25890CE1D42333700F4738B /* star_uns.png */; };
/* End PBXBuildFile section */

/* Begin PBXFileReference section */
		E258909F1D422BDF00F4738B /* PrettyIcons.app */ = {isa = PBXFileReference; explicitFileType = wrapper.application; includeInIndex = 0; path = PrettyIcons.app; sourceTree = BUILT_PRODUCTS_DIR; };
		E25890A21D422BDF00F4738B /* AppDelegate.swift */ = {isa = PBXFileReference; lastKnownFileType = sourcecode.swift; path = AppDelegate.swift; sourceTree = "<group>"; };
		E25890A41D422BE000F4738B /* ViewController.swift */ = {isa = PBXFileReference; lastKnownFileType = sourcecode.swift; path = ViewController.swift; sourceTree = "<group>"; };
		E25890A71D422BE000F4738B /* Base */ = {isa = PBXFileReference; lastKnownFileType = file.storyboard; name = Base; path = Base.lproj/Main.storyboard; sourceTree = "<group>"; };
		E25890A91D422BE000F4738B /* Assets.xcassets */ = {isa = PBXFileReference; lastKnownFileType = folder.assetcatalog; path = Assets.xcassets; sourceTree = "<group>"; };
		E25890AC1D422BE000F4738B /* Base */ = {isa = PBXFileReference; lastKnownFileType = file.storyboard; name = Base; path = Base.lproj/LaunchScreen.storyboard; sourceTree = "<group>"; };
		E25890AE1D422BE000F4738B /* Info.plist */ = {isa = PBXFileReference; lastKnownFileType = text.plist.xml; path = Info.plist; sourceTree = "<group>"; };
		E25890B51D42333700F4738B /* Icon.swift */ = {isa = PBXFileReference; fileEncoding = 4; lastKnownFileType = sourcecode.swift; name = Icon.swift; path = Icons/Icon.swift; sourceTree = "<group>"; };
		E25890B61D42333700F4738B /* icons_winter_01.png */ = {isa = PBXFileReference; lastKnownFileType = image.png; path = icons_winter_01.png; sourceTree = "<group>"; };
		E25890B71D42333700F4738B /* icons_winter_02.png */ = {isa = PBXFileReference; lastKnownFileType = image.png; path = icons_winter_02.png; sourceTree = "<group>"; };
		E25890B81D42333700F4738B /* icons_winter_03.png */ = {isa = PBXFileReference; lastKnownFileType = image.png; path = icons_winter_03.png; sourceTree = "<group>"; };
		E25890B91D42333700F4738B /* icons_winter_04.png */ = {isa = PBXFileReference; lastKnownFileType = image.png; path = icons_winter_04.png; sourceTree = "<group>"; };
		E25890BA1D42333700F4738B /* icons_winter_05.png */ = {isa = PBXFileReference; lastKnownFileType = image.png; path = icons_winter_05.png; sourceTree = "<group>"; };
		E25890BB1D42333700F4738B /* icons_winter_06.png */ = {isa = PBXFileReference; lastKnownFileType = image.png; path = icons_winter_06.png; sourceTree = "<group>"; };
		E25890BC1D42333700F4738B /* icons_winter_07.png */ = {isa = PBXFileReference; lastKnownFileType = image.png; path = icons_winter_07.png; sourceTree = "<group>"; };
		E25890BD1D42333700F4738B /* icons_winter_08.png */ = {isa = PBXFileReference; lastKnownFileType = image.png; path = icons_winter_08.png; sourceTree = "<group>"; };
		E25890BE1D42333700F4738B /* icons_winter_09.png */ = {isa = PBXFileReference; lastKnownFileType = image.png; path = icons_winter_09.png; sourceTree = "<group>"; };
		E25890BF1D42333700F4738B /* icons_winter_10.png */ = {isa = PBXFileReference; lastKnownFileType = image.png; path = icons_winter_10.png; sourceTree = "<group>"; };
		E25890C01D42333700F4738B /* IconSet.swift */ = {isa = PBXFileReference; fileEncoding = 4; lastKnownFileType = sourcecode.swift; name = IconSet.swift; path = Icons/IconSet.swift; sourceTree = "<group>"; };
		E25890C11D42333700F4738B /* summericons_100px_01.png */ = {isa = PBXFileReference; lastKnownFileType = image.png; path = summericons_100px_01.png; sourceTree = "<group>"; };
		E25890C21D42333700F4738B /* summericons_100px_02.png */ = {isa = PBXFileReference; lastKnownFileType = image.png; path = summericons_100px_02.png; sourceTree = "<group>"; };
		E25890C31D42333700F4738B /* summericons_100px_03.png */ = {isa = PBXFileReference; lastKnownFileType = image.png; path = summericons_100px_03.png; sourceTree = "<group>"; };
		E25890C41D42333700F4738B /* summericons_100px_04.png */ = {isa = PBXFileReference; lastKnownFileType = image.png; path = summericons_100px_04.png; sourceTree = "<group>"; };
		E25890C51D42333700F4738B /* summericons_100px_05.png */ = {isa = PBXFileReference; lastKnownFileType = image.png; path = summericons_100px_05.png; sourceTree = "<group>"; };
		E25890C61D42333700F4738B /* summericons_100px_06.png */ = {isa = PBXFileReference; lastKnownFileType = image.png; path = summericons_100px_06.png; sourceTree = "<group>"; };
		E25890C71D42333700F4738B /* summericons_100px_07.png */ = {isa = PBXFileReference; lastKnownFileType = image.png; path = summericons_100px_07.png; sourceTree = "<group>"; };
		E25890C81D42333700F4738B /* summericons_100px_08.png */ = {isa = PBXFileReference; lastKnownFileType = image.png; path = summericons_100px_08.png; sourceTree = "<group>"; };
		E25890C91D42333700F4738B /* summericons_100px_09.png */ = {isa = PBXFileReference; lastKnownFileType = image.png; path = summericons_100px_09.png; sourceTree = "<group>"; };
		E25890CA1D42333700F4738B /* summericons_100px_10.png */ = {isa = PBXFileReference; lastKnownFileType = image.png; path = summericons_100px_10.png; sourceTree = "<group>"; };
		E25890CC1D42333700F4738B /* eyeball.png */ = {isa = PBXFileReference; lastKnownFileType = image.png; path = eyeball.png; sourceTree = "<group>"; };
		E25890CD1D42333700F4738B /* star_sel.png */ = {isa = PBXFileReference; lastKnownFileType = image.png; path = star_sel.png; sourceTree = "<group>"; };
		E25890CE1D42333700F4738B /* star_uns.png */ = {isa = PBXFileReference; lastKnownFileType = image.png; path = star_uns.png; sourceTree = "<group>"; };
/* End PBXFileReference section */

/* Begin PBXFrameworksBuildPhase section */
		E258909C1D422BDF00F4738B /* Frameworks */ = {
			isa = PBXFrameworksBuildPhase;
			buildActionMask = 2147483647;
			files = (
			);
			runOnlyForDeploymentPostprocessing = 0;
		};
/* End PBXFrameworksBuildPhase section */

/* Begin PBXGroup section */
		E25890961D422BDF00F4738B = {
			isa = PBXGroup;
			children = (
				E25890A11D422BDF00F4738B /* PrettyIcons */,
				E25890A01D422BDF00F4738B /* Products */,
			);
			sourceTree = "<group>";
		};
		E25890A01D422BDF00F4738B /* Products */ = {
			isa = PBXGroup;
			children = (
				E258909F1D422BDF00F4738B /* PrettyIcons.app */,
			);
			name = Products;
			sourceTree = "<group>";
		};
		E25890A11D422BDF00F4738B /* PrettyIcons */ = {
			isa = PBXGroup;
			children = (
				E25890A21D422BDF00F4738B /* AppDelegate.swift */,
				E25890A41D422BE000F4738B /* ViewController.swift */,
				E25890A61D422BE000F4738B /* Main.storyboard */,
				E25890B51D42333700F4738B /* Icon.swift */,
				E25890C01D42333700F4738B /* IconSet.swift */,
				E25890B41D42333700F4738B /* Icons */,
				E25890CB1D42333700F4738B /* Images */,
				E25890A91D422BE000F4738B /* Assets.xcassets */,
				E25890AB1D422BE000F4738B /* LaunchScreen.storyboard */,
				E25890AE1D422BE000F4738B /* Info.plist */,
			);
			path = PrettyIcons;
			sourceTree = "<group>";
		};
		E25890B41D42333700F4738B /* Icons */ = {
			isa = PBXGroup;
			children = (
				E25890B61D42333700F4738B /* icons_winter_01.png */,
				E25890B71D42333700F4738B /* icons_winter_02.png */,
				E25890B81D42333700F4738B /* icons_winter_03.png */,
				E25890B91D42333700F4738B /* icons_winter_04.png */,
				E25890BA1D42333700F4738B /* icons_winter_05.png */,
				E25890BB1D42333700F4738B /* icons_winter_06.png */,
				E25890BC1D42333700F4738B /* icons_winter_07.png */,
				E25890BD1D42333700F4738B /* icons_winter_08.png */,
				E25890BE1D42333700F4738B /* icons_winter_09.png */,
				E25890BF1D42333700F4738B /* icons_winter_10.png */,
				E25890C11D42333700F4738B /* summericons_100px_01.png */,
				E25890C21D42333700F4738B /* summericons_100px_02.png */,
				E25890C31D42333700F4738B /* summericons_100px_03.png */,
				E25890C41D42333700F4738B /* summericons_100px_04.png */,
				E25890C51D42333700F4738B /* summericons_100px_05.png */,
				E25890C61D42333700F4738B /* summericons_100px_06.png */,
				E25890C71D42333700F4738B /* summericons_100px_07.png */,
				E25890C81D42333700F4738B /* summericons_100px_08.png */,
				E25890C91D42333700F4738B /* summericons_100px_09.png */,
				E25890CA1D42333700F4738B /* summericons_100px_10.png */,
			);
			path = Icons;
			sourceTree = "<group>";
		};
		E25890CB1D42333700F4738B /* Images */ = {
			isa = PBXGroup;
			children = (
				E25890CC1D42333700F4738B /* eyeball.png */,
				E25890CD1D42333700F4738B /* star_sel.png */,
				E25890CE1D42333700F4738B /* star_uns.png */,
			);
			path = Images;
			sourceTree = "<group>";
		};
/* End PBXGroup section */

/* Begin PBXNativeTarget section */
		E258909E1D422BDF00F4738B /* PrettyIcons */ = {
			isa = PBXNativeTarget;
			buildConfigurationList = E25890B11D422BE000F4738B /* Build configuration list for PBXNativeTarget "PrettyIcons" */;
			buildPhases = (
				E258909B1D422BDF00F4738B /* Sources */,
				E258909C1D422BDF00F4738B /* Frameworks */,
				E258909D1D422BDF00F4738B /* Resources */,
			);
			buildRules = (
			);
			dependencies = (
			);
			name = PrettyIcons;
			productName = PrettyIcons;
			productReference = E258909F1D422BDF00F4738B /* PrettyIcons.app */;
			productType = "com.apple.product-type.application";
		};
/* End PBXNativeTarget section */

/* Begin PBXProject section */
		E25890971D422BDF00F4738B /* Project object */ = {
			isa = PBXProject;
			attributes = {
				LastSwiftUpdateCheck = 0730;
				LastUpgradeCheck = 0730;
				ORGANIZATIONNAME = "Elijah Buters";
				TargetAttributes = {
					E258909E1D422BDF00F4738B = {
						CreatedOnToolsVersion = 7.3.1;
						DevelopmentTeam = DG9E3T36HM;
						LastSwiftMigration = 0800;
					};
				};
			};
			buildConfigurationList = E258909A1D422BDF00F4738B /* Build configuration list for PBXProject "PrettyIcons" */;
			compatibilityVersion = "Xcode 3.2";
			developmentRegion = English;
			hasScannedForEncodings = 0;
			knownRegions = (
				en,
				Base,
			);
			mainGroup = E25890961D422BDF00F4738B;
			productRefGroup = E25890A01D422BDF00F4738B /* Products */;
			projectDirPath = "";
			projectRoot = "";
			targets = (
				E258909E1D422BDF00F4738B /* PrettyIcons */,
			);
		};
/* End PBXProject section */

/* Begin PBXResourcesBuildPhase section */
		E258909D1D422BDF00F4738B /* Resources */ = {
			isa = PBXResourcesBuildPhase;
			buildActionMask = 2147483647;
			files = (
				E25890E01D42333700F4738B /* summericons_100px_06.png in Resources */,
				E25890D31D42333700F4738B /* icons_winter_04.png in Resources */,
				E25890D71D42333700F4738B /* icons_winter_08.png in Resources */,
				E25890DF1D42333700F4738B /* summericons_100px_05.png in Resources */,
				E25890D21D42333700F4738B /* icons_winter_03.png in Resources */,
				E25890E21D42333700F4738B /* summericons_100px_08.png in Resources */,
				E25890AD1D422BE000F4738B /* LaunchScreen.storyboard in Resources */,
				E25890DE1D42333700F4738B /* summericons_100px_04.png in Resources */,
				E25890AA1D422BE000F4738B /* Assets.xcassets in Resources */,
				E25890D61D42333700F4738B /* icons_winter_07.png in Resources */,
				E25890E71D42333700F4738B /* star_uns.png in Resources */,
				E25890D81D42333700F4738B /* icons_winter_09.png in Resources */,
				E25890D01D42333700F4738B /* icons_winter_01.png in Resources */,
				E25890E51D42333700F4738B /* eyeball.png in Resources */,
				E25890E41D42333700F4738B /* summericons_100px_10.png in Resources */,
				E25890A81D422BE000F4738B /* Main.storyboard in Resources */,
				E25890D91D42333700F4738B /* icons_winter_10.png in Resources */,
				E25890E31D42333700F4738B /* summericons_100px_09.png in Resources */,
				E25890DD1D42333700F4738B /* summericons_100px_03.png in Resources */,
				E25890E61D42333700F4738B /* star_sel.png in Resources */,
				E25890E11D42333700F4738B /* summericons_100px_07.png in Resources */,
				E25890D51D42333700F4738B /* icons_winter_06.png in Resources */,
				E25890D41D42333700F4738B /* icons_winter_05.png in Resources */,
				E25890DB1D42333700F4738B /* summericons_100px_01.png in Resources */,
				E25890D11D42333700F4738B /* icons_winter_02.png in Resources */,
				E25890DC1D42333700F4738B /* summericons_100px_02.png in Resources */,
			);
			runOnlyForDeploymentPostprocessing = 0;
		};
/* End PBXResourcesBuildPhase section */

/* Begin PBXSourcesBuildPhase section */
		E258909B1D422BDF00F4738B /* Sources */ = {
			isa = PBXSourcesBuildPhase;
			buildActionMask = 2147483647;
			files = (
				E25890CF1D42333700F4738B /* Icon.swift in Sources */,
				E25890DA1D42333700F4738B /* IconSet.swift in Sources */,
				E25890A51D422BE000F4738B /* ViewController.swift in Sources */,
				E25890A31D422BE000F4738B /* AppDelegate.swift in Sources */,
			);
			runOnlyForDeploymentPostprocessing = 0;
		};
/* End PBXSourcesBuildPhase section */

/* Begin PBXVariantGroup section */
		E25890A61D422BE000F4738B /* Main.storyboard */ = {
			isa = PBXVariantGroup;
			children = (
				E25890A71D422BE000F4738B /* Base */,
			);
			name = Main.storyboard;
			sourceTree = "<group>";
		};
		E25890AB1D422BE000F4738B /* LaunchScreen.storyboard */ = {
			isa = PBXVariantGroup;
			children = (
				E25890AC1D422BE000F4738B /* Base */,
			);
			name = LaunchScreen.storyboard;
			sourceTree = "<group>";
		};
/* End PBXVariantGroup section */

/* Begin XCBuildConfiguration section */
		E25890AF1D422BE000F4738B /* Debug */ = {
			isa = XCBuildConfiguration;
			buildSettings = {
				ALWAYS_SEARCH_USER_PATHS = NO;
				CLANG_ANALYZER_NONNULL = YES;
				CLANG_CXX_LANGUAGE_STANDARD = "gnu++0x";
				CLANG_CXX_LIBRARY = "libc++";
				CLANG_ENABLE_MODULES = YES;
				CLANG_ENABLE_OBJC_ARC = YES;
				CLANG_WARN_BOOL_CONVERSION = YES;
				CLANG_WARN_CONSTANT_CONVERSION = YES;
				CLANG_WARN_DIRECT_OBJC_ISA_USAGE = YES_ERROR;
				CLANG_WARN_EMPTY_BODY = YES;
				CLANG_WARN_ENUM_CONVERSION = YES;
				CLANG_WARN_INT_CONVERSION = YES;
				CLANG_WARN_OBJC_ROOT_CLASS = YES_ERROR;
				CLANG_WARN_UNREACHABLE_CODE = YES;
				CLANG_WARN__DUPLICATE_METHOD_MATCH = YES;
				"CODE_SIGN_IDENTITY[sdk=iphoneos*]" = "iPhone Developer";
				COPY_PHASE_STRIP = NO;
				DEBUG_INFORMATION_FORMAT = dwarf;
				ENABLE_STRICT_OBJC_MSGSEND = YES;
				ENABLE_TESTABILITY = YES;
				GCC_C_LANGUAGE_STANDARD = gnu99;
				GCC_DYNAMIC_NO_PIC = NO;
				GCC_NO_COMMON_BLOCKS = YES;
				GCC_OPTIMIZATION_LEVEL = 0;
				GCC_PREPROCESSOR_DEFINITIONS = (
					"DEBUG=1",
					"$(inherited)",
				);
				GCC_WARN_64_TO_32_BIT_CONVERSION = YES;
				GCC_WARN_ABOUT_RETURN_TYPE = YES_ERROR;
				GCC_WARN_UNDECLARED_SELECTOR = YES;
				GCC_WARN_UNINITIALIZED_AUTOS = YES_AGGRESSIVE;
				GCC_WARN_UNUSED_FUNCTION = YES;
				GCC_WARN_UNUSED_VARIABLE = YES;
				IPHONEOS_DEPLOYMENT_TARGET = 9.3;
				MTL_ENABLE_DEBUG_INFO = YES;
				ONLY_ACTIVE_ARCH = YES;
				SDKROOT = iphoneos;
				SWIFT_OPTIMIZATION_LEVEL = "-Onone";
			};
			name = Debug;
		};
		E25890B01D422BE000F4738B /* Release */ = {
			isa = XCBuildConfiguration;
			buildSettings = {
				ALWAYS_SEARCH_USER_PATHS = NO;
				CLANG_ANALYZER_NONNULL = YES;
				CLANG_CXX_LANGUAGE_STANDARD = "gnu++0x";
				CLANG_CXX_LIBRARY = "libc++";
				CLANG_ENABLE_MODULES = YES;
				CLANG_ENABLE_OBJC_ARC = YES;
				CLANG_WARN_BOOL_CONVERSION = YES;
				CLANG_WARN_CONSTANT_CONVERSION = YES;
				CLANG_WARN_DIRECT_OBJC_ISA_USAGE = YES_ERROR;
				CLANG_WARN_EMPTY_BODY = YES;
				CLANG_WARN_ENUM_CONVERSION = YES;
				CLANG_WARN_INT_CONVERSION = YES;
				CLANG_WARN_OBJC_ROOT_CLASS = YES_ERROR;
				CLANG_WARN_UNREACHABLE_CODE = YES;
				CLANG_WARN__DUPLICATE_METHOD_MATCH = YES;
				"CODE_SIGN_IDENTITY[sdk=iphoneos*]" = "iPhone Developer";
				COPY_PHASE_STRIP = NO;
				DEBUG_INFORMATION_FORMAT = "dwarf-with-dsym";
				ENABLE_NS_ASSERTIONS = NO;
				ENABLE_STRICT_OBJC_MSGSEND = YES;
				GCC_C_LANGUAGE_STANDARD = gnu99;
				GCC_NO_COMMON_BLOCKS = YES;
				GCC_WARN_64_TO_32_BIT_CONVERSION = YES;
				GCC_WARN_ABOUT_RETURN_TYPE = YES_ERROR;
				GCC_WARN_UNDECLARED_SELECTOR = YES;
				GCC_WARN_UNINITIALIZED_AUTOS = YES_AGGRESSIVE;
				GCC_WARN_UNUSED_FUNCTION = YES;
				GCC_WARN_UNUSED_VARIABLE = YES;
				IPHONEOS_DEPLOYMENT_TARGET = 9.3;
				MTL_ENABLE_DEBUG_INFO = NO;
				SDKROOT = iphoneos;
				VALIDATE_PRODUCT = YES;
			};
			name = Release;
		};
		E25890B21D422BE000F4738B /* Debug */ = {
			isa = XCBuildConfiguration;
			buildSettings = {
				ASSETCATALOG_COMPILER_APPICON_NAME = AppIcon;
				INFOPLIST_FILE = PrettyIcons/Info.plist;
				LD_RUNPATH_SEARCH_PATHS = "$(inherited) @executable_path/Frameworks";
				PRODUCT_BUNDLE_IDENTIFIER = Macintosh.PrettyIcons;
				PRODUCT_NAME = "$(TARGET_NAME)";
				SWIFT_VERSION = 3.0;
			};
			name = Debug;
		};
		E25890B31D422BE000F4738B /* Release */ = {
			isa = XCBuildConfiguration;
			buildSettings = {
				ASSETCATALOG_COMPILER_APPICON_NAME = AppIcon;
				INFOPLIST_FILE = PrettyIcons/Info.plist;
				LD_RUNPATH_SEARCH_PATHS = "$(inherited) @executable_path/Frameworks";
				PRODUCT_BUNDLE_IDENTIFIER = Macintosh.PrettyIcons;
				PRODUCT_NAME = "$(TARGET_NAME)";
				SWIFT_VERSION = 3.0;
			};
			name = Release;
		};
/* End XCBuildConfiguration section */

/* Begin XCConfigurationList section */
		E258909A1D422BDF00F4738B /* Build configuration list for PBXProject "PrettyIcons" */ = {
			isa = XCConfigurationList;
			buildConfigurations = (
				E25890AF1D422BE000F4738B /* Debug */,
				E25890B01D422BE000F4738B /* Release */,
			);
			defaultConfigurationIsVisible = 0;
			defaultConfigurationName = Release;
		};
		E25890B11D422BE000F4738B /* Build configuration list for PBXNativeTarget "PrettyIcons" */ = {
			isa = XCConfigurationList;
			buildConfigurations = (
				E25890B21D422BE000F4738B /* Debug */,
				E25890B31D422BE000F4738B /* Release */,
			);
			defaultConfigurationIsVisible = 0;
			defaultConfigurationName = Release;
		};
/* End XCConfigurationList section */
	};
	rootObject = E25890971D422BDF00F4738B /* Project object */;
}
